
Microsoft Visual Studio Solution File, Format Version 12.00
# Visual Studio Version 16
VisualStudioVersion = 16.0.30011.22
MinimumVisualStudioVersion = 15.0.26124.0
Project("{9A19103F-16F7-4668-BE54-9A1E7A4F7556}") = "Lab06_Zoo", "lab06-Zoo\Lab06_Zoo.csproj", "{1C9C0AC1-1D07-42B9-9195-528C4A320146}"
EndProject
Project("{FAE04EC0-301F-11D3-BF4B-00C04F79EFBC}") = "Lab06_Zoo.Tests", "Lab06_Zoo.Tests\Lab06_Zoo.Tests.csproj", "{A09E9409-09B7-42A0-9D25-E6D9F529C3EA}"
EndProject
Global
	GlobalSection(SolutionConfigurationPlatforms) = preSolution
		Debug|Any CPU = Debug|Any CPU
		Debug|x64 = Debug|x64
		Debug|x86 = Debug|x86
		Release|Any CPU = Release|Any CPU
		Release|x64 = Release|x64
		Release|x86 = Release|x86
	EndGlobalSection
	GlobalSection(ProjectConfigurationPlatforms) = postSolution
		{1C9C0AC1-1D07-42B9-9195-528C4A320146}.Debug|Any CPU.ActiveCfg = Debug|Any CPU
		{1C9C0AC1-1D07-42B9-9195-528C4A320146}.Debug|Any CPU.Build.0 = Debug|Any CPU
		{1C9C0AC1-1D07-42B9-9195-528C4A320146}.Debug|x64.ActiveCfg = Debug|Any CPU
		{1C9C0AC1-1D07-42B9-9195-528C4A320146}.Debug|x64.Build.0 = Debug|Any CPU
		{1C9C0AC1-1D07-42B9-9195-528C4A320146}.Debug|x86.ActiveCfg = Debug|Any CPU
		{1C9C0AC1-1D07-42B9-9195-528C4A320146}.Debug|x86.Build.0 = Debug|Any CPU
		{1C9C0AC1-1D07-42B9-9195-528C4A320146}.Release|Any CPU.ActiveCfg = Release|Any CPU
		{1C9C0AC1-1D07-42B9-9195-528C4A320146}.Release|Any CPU.Build.0 = Release|Any CPU
		{1C9C0AC1-1D07-42B9-9195-528C4A320146}.Release|x64.ActiveCfg = Release|Any CPU
		{1C9C0AC1-1D07-42B9-9195-528C4A320146}.Release|x64.Build.0 = Release|Any CPU
		{1C9C0AC1-1D07-42B9-9195-528C4A320146}.Release|x86.ActiveCfg = Release|Any CPU
		{1C9C0AC1-1D07-42B9-9195-528C4A320146}.Release|x86.Build.0 = Release|Any CPU
		{A09E9409-09B7-42A0-9D25-E6D9F529C3EA}.Debug|Any CPU.ActiveCfg = Debug|Any CPU
		{A09E9409-09B7-42A0-9D25-E6D9F529C3EA}.Debug|Any CPU.Build.0 = Debug|Any CPU
		{A09E9409-09B7-42A0-9D25-E6D9F529C3EA}.Debug|x64.ActiveCfg = Debug|Any CPU
		{A09E9409-09B7-42A0-9D25-E6D9F529C3EA}.Debug|x64.Build.0 = Debug|Any CPU
		{A09E9409-09B7-42A0-9D25-E6D9F529C3EA}.Debug|x86.ActiveCfg = Debug|Any CPU
		{A09E9409-09B7-42A0-9D25-E6D9F529C3EA}.Debug|x86.Build.0 = Debug|Any CPU
		{A09E9409-09B7-42A0-9D25-E6D9F529C3EA}.Release|Any CPU.ActiveCfg = Release|Any CPU
		{A09E9409-09B7-42A0-9D25-E6D9F529C3EA}.Release|Any CPU.Build.0 = Release|Any CPU
		{A09E9409-09B7-42A0-9D25-E6D9F529C3EA}.Release|x64.ActiveCfg = Release|Any CPU
		{A09E9409-09B7-42A0-9D25-E6D9F529C3EA}.Release|x64.Build.0 = Release|Any CPU
		{A09E9409-09B7-42A0-9D25-E6D9F529C3EA}.Release|x86.ActiveCfg = Release|Any CPU
		{A09E9409-09B7-42A0-9D25-E6D9F529C3EA}.Release|x86.Build.0 = Release|Any CPU
	EndGlobalSection
	GlobalSection(SolutionProperties) = preSolution
		HideSolutionNode = FALSE
	EndGlobalSection
	GlobalSection(ExtensibilityGlobals) = postSolution
		SolutionGuid = {92E8255B-AB9E-4868-86E1-13077E94BA1D}
	EndGlobalSection
EndGlobal
